
Microsoft Visual Studio Solution File, Format Version 12.00
# Visual Studio Version 17
VisualStudioVersion = 17.10.35027.167
MinimumVisualStudioVersion = 10.0.40219.1
Project("{FAE04EC0-301F-11D3-BF4B-00C04F79EFBC}") = "Calculadora", "Calculadora\Calculadora.csproj", "{6FB10915-F61B-4A71-98FD-C5C57CA074E0}"
EndProject
Global
	GlobalSection(SolutionConfigurationPlatforms) = preSolution
		Debug|Any CPU = Debug|Any CPU
		Release|Any CPU = Release|Any CPU
	EndGlobalSection
	GlobalSection(ProjectConfigurationPlatforms) = postSolution
		{6FB10915-F61B-4A71-98FD-C5C57CA074E0}.Debug|Any CPU.ActiveCfg = Debug|Any CPU
		{6FB10915-F61B-4A71-98FD-C5C57CA074E0}.Debug|Any CPU.Build.0 = Debug|Any CPU
		{6FB10915-F61B-4A71-98FD-C5C57CA074E0}.Release|Any CPU.ActiveCfg = Release|Any CPU
		{6FB10915-F61B-4A71-98FD-C5C57CA074E0}.Release|Any CPU.Build.0 = Release|Any CPU
	EndGlobalSection
	GlobalSection(SolutionProperties) = preSolution
		HideSolutionNode = FALSE
	EndGlobalSection
	GlobalSection(ExtensibilityGlobals) = postSolution
		SolutionGuid = {267A9991-962C-41FC-A887-20A845A75B06}
	EndGlobalSection
EndGlobal
